
Microsoft Visual Studio Solution File, Format Version 12.00
# Visual Studio 2012
Project("{FAE04EC0-301F-11D3-BF4B-00C04F79EFBC}") = "Create_Queue", "Create_Queue\Create_Queue.csproj", "{0850F759-2F35-4485-B1B7-CA145FAEB874}"
EndProject
Global
	GlobalSection(SolutionConfigurationPlatforms) = preSolution
		Debug|Any CPU = Debug|Any CPU
		Release|Any CPU = Release|Any CPU
	EndGlobalSection
	GlobalSection(ProjectConfigurationPlatforms) = postSolution
		{0850F759-2F35-4485-B1B7-CA145FAEB874}.Debug|Any CPU.ActiveCfg = Debug|Any CPU
		{0850F759-2F35-4485-B1B7-CA145FAEB874}.Debug|Any CPU.Build.0 = Debug|Any CPU
		{0850F759-2F35-4485-B1B7-CA145FAEB874}.Release|Any CPU.ActiveCfg = Release|Any CPU
		{0850F759-2F35-4485-B1B7-CA145FAEB874}.Release|Any CPU.Build.0 = Release|Any CPU
	EndGlobalSection
	GlobalSection(SolutionProperties) = preSolution
		HideSolutionNode = FALSE
	EndGlobalSection
EndGlobal
